
Microsoft Visual Studio Solution File, Format Version 12.00
# Visual Studio 15
VisualStudioVersion = 15.0.28307.1684
MinimumVisualStudioVersion = 10.0.40219.1
Project("{8BC9CEB8-8B4A-11D0-8D11-00A0C91BC942}") = "TCP_Serveur", "TCP_Serveur\TCP_Serveur.vcxproj", "{E92ED745-A3C1-4A88-8693-85EE28A374A5}"
EndProject
Global
	GlobalSection(SolutionConfigurationPlatforms) = preSolution
		Debug|x64 = Debug|x64
		Release|x64 = Release|x64
	EndGlobalSection
	GlobalSection(ProjectConfigurationPlatforms) = postSolution
		{E92ED745-A3C1-4A88-8693-85EE28A374A5}.Debug|x64.ActiveCfg = Debug|x64
		{E92ED745-A3C1-4A88-8693-85EE28A374A5}.Debug|x64.Build.0 = Debug|x64
		{E92ED745-A3C1-4A88-8693-85EE28A374A5}.Release|x64.ActiveCfg = Release|x64
		{E92ED745-A3C1-4A88-8693-85EE28A374A5}.Release|x64.Build.0 = Release|x64
	EndGlobalSection
	GlobalSection(SolutionProperties) = preSolution
		HideSolutionNode = FALSE
	EndGlobalSection
	GlobalSection(ExtensibilityGlobals) = postSolution
		SolutionGuid = {D74F9C76-6BA9-4B45-8008-24204E9FB6CA}
	EndGlobalSection
EndGlobal
