
Microsoft Visual Studio Solution File, Format Version 12.00
# Visual Studio 15
VisualStudioVersion = 15.0.28307.1622
MinimumVisualStudioVersion = 10.0.40219.1
Project("{8BC9CEB8-8B4A-11D0-8D11-00A0C91BC942}") = "webserver", "webserver\webserver.vcxproj", "{DFC4141A-9CA8-42C3-93E1-AA63C4F03BF8}"
EndProject
Global
	GlobalSection(SolutionConfigurationPlatforms) = preSolution
		Debug|x64 = Debug|x64
		Release|x64 = Release|x64
	EndGlobalSection
	GlobalSection(ProjectConfigurationPlatforms) = postSolution
		{DFC4141A-9CA8-42C3-93E1-AA63C4F03BF8}.Debug|x64.ActiveCfg = Debug|x64
		{DFC4141A-9CA8-42C3-93E1-AA63C4F03BF8}.Debug|x64.Build.0 = Debug|x64
		{DFC4141A-9CA8-42C3-93E1-AA63C4F03BF8}.Release|x64.ActiveCfg = Release|x64
		{DFC4141A-9CA8-42C3-93E1-AA63C4F03BF8}.Release|x64.Build.0 = Release|x64
	EndGlobalSection
	GlobalSection(SolutionProperties) = preSolution
		HideSolutionNode = FALSE
	EndGlobalSection
	GlobalSection(ExtensibilityGlobals) = postSolution
		SolutionGuid = {FEC5D5E6-6C37-4981-A220-4C2FE924396C}
	EndGlobalSection
EndGlobal
